
Microsoft Visual Studio Solution File, Format Version 12.00
# Visual Studio 2015
Project("{FAE04EC0-301F-11D3-BF4B-00C04F79EFBC}") = "HCIProto", "HCIProto.csproj", "{1999C4B0-AC62-3B23-4E8F-A0C3FE29CBEC}"
EndProject
Global
	GlobalSection(SolutionConfigurationPlatforms) = preSolution
		Debug|Any CPU = Debug|Any CPU
		Release|Any CPU = Release|Any CPU
	EndGlobalSection
	GlobalSection(ProjectConfigurationPlatforms) = postSolution
		{1999C4B0-AC62-3B23-4E8F-A0C3FE29CBEC}.Debug|Any CPU.ActiveCfg = Debug|Any CPU
		{1999C4B0-AC62-3B23-4E8F-A0C3FE29CBEC}.Debug|Any CPU.Build.0 = Debug|Any CPU
		{1999C4B0-AC62-3B23-4E8F-A0C3FE29CBEC}.Release|Any CPU.ActiveCfg = Release|Any CPU
		{1999C4B0-AC62-3B23-4E8F-A0C3FE29CBEC}.Release|Any CPU.Build.0 = Release|Any CPU
	EndGlobalSection
	GlobalSection(SolutionProperties) = preSolution
		HideSolutionNode = FALSE
	EndGlobalSection
EndGlobal
